
Microsoft Visual Studio Solution File, Format Version 11.00
# Visual Web Developer Express 2010
Project("{F184B08F-C81C-45F6-A57F-5ABD9991F28F}") = "GraphingCalculatorWebApp", "GraphingCalculatorWebApp\GraphingCalculatorWebApp.vbproj", "{76D861A9-933E-4028-91EC-230A375EF0F2}"
EndProject
Global
	GlobalSection(SolutionConfigurationPlatforms) = preSolution
		Debug|Any CPU = Debug|Any CPU
		Release|Any CPU = Release|Any CPU
	EndGlobalSection
	GlobalSection(ProjectConfigurationPlatforms) = postSolution
		{76D861A9-933E-4028-91EC-230A375EF0F2}.Debug|Any CPU.ActiveCfg = Debug|Any CPU
		{76D861A9-933E-4028-91EC-230A375EF0F2}.Debug|Any CPU.Build.0 = Debug|Any CPU
		{76D861A9-933E-4028-91EC-230A375EF0F2}.Release|Any CPU.ActiveCfg = Release|Any CPU
		{76D861A9-933E-4028-91EC-230A375EF0F2}.Release|Any CPU.Build.0 = Release|Any CPU
	EndGlobalSection
	GlobalSection(SolutionProperties) = preSolution
		HideSolutionNode = FALSE
	EndGlobalSection
EndGlobal
